
Microsoft Visual Studio Solution File, Format Version 12.00
# Visual Studio Version 16
VisualStudioVersion = 16.0.30114.105
MinimumVisualStudioVersion = 10.0.40219.1
Project("{2150E333-8FDC-42A3-9474-1A3956D46DE8}") = "Services", "Services", "{3AA4C0C9-EF2D-471F-81F3-7B5B55174085}"
EndProject
Project("{2150E333-8FDC-42A3-9474-1A3956D46DE8}") = "Catalog", "Catalog", "{03987AE5-1C38-4BDE-99B5-F981EB4DB8D8}"
EndProject
Project("{2150E333-8FDC-42A3-9474-1A3956D46DE8}") = "Basket", "Basket", "{FEE13C3C-2C60-47EE-BBE1-C815F851CEEA}"
EndProject
Project("{9A19103F-16F7-4668-BE54-9A1E7A4F7556}") = "Catalog.API", "Services\Catalog\Catalog.API\Catalog.API.csproj", "{108BD0D9-BB44-4FA1-AB0D-C59E8A5B5B0F}"
EndProject
Project("{E53339B2-1760-4266-BCC7-CA923CBCF16C}") = "docker-compose", "docker-compose.dcproj", "{FCAFC972-DCA1-404D-BDAA-F3178822B8B8}"
EndProject
Project("{9A19103F-16F7-4668-BE54-9A1E7A4F7556}") = "Basket.API", "Services\Basket\Basket.API\Basket.API.csproj", "{4C8686E0-0693-4CB1-B091-D2B33DEC090E}"
EndProject
Project("{2150E333-8FDC-42A3-9474-1A3956D46DE8}") = "Discount", "Discount", "{21D98F69-7782-4660-A2F4-F310A3D9F34A}"
EndProject
Project("{9A19103F-16F7-4668-BE54-9A1E7A4F7556}") = "Discount.API", "Services\Discount\Discount.API\Discount.API.csproj", "{AE3EB1F7-61B7-436D-89CC-1DFC0A240845}"
EndProject
Project("{9A19103F-16F7-4668-BE54-9A1E7A4F7556}") = "Discount.GRPC", "Services\Discount\Discount.GRPC\Discount.GRPC.csproj", "{5AF9D3A3-97BA-43B1-88D4-DBCF82E8CF30}"
EndProject
Project("{2150E333-8FDC-42A3-9474-1A3956D46DE8}") = "Ordering", "Ordering", "{341151AB-6B31-40CC-ACA9-1AB548B4D628}"
EndProject
Project("{9A19103F-16F7-4668-BE54-9A1E7A4F7556}") = "Ordering.API", "Services\Ordering\Ordering.API\Ordering.API.csproj", "{CAC65325-88FC-4943-98A8-176CFCCF176D}"
EndProject
Project("{9A19103F-16F7-4668-BE54-9A1E7A4F7556}") = "Ordering.Application", "Services\Ordering\Ordering.Application\Ordering.Application.csproj", "{D222BDEE-E33F-4F71-A0AC-496B700252EB}"
EndProject
Project("{9A19103F-16F7-4668-BE54-9A1E7A4F7556}") = "Ordering.Domain", "Services\Ordering\Ordering.Domain\Ordering.Domain.csproj", "{46AD2D04-2F71-46D5-858F-43FBDEFCE56C}"
EndProject
Project("{9A19103F-16F7-4668-BE54-9A1E7A4F7556}") = "Ordering.Infrastructure", "Services\Ordering\Ordering.Infrastructure\Ordering.Infrastructure.csproj", "{F42EBE0A-E9FC-449C-B7A1-5B2DADB101EC}"
EndProject
Project("{2150E333-8FDC-42A3-9474-1A3956D46DE8}") = "BuildingBlocks", "BuildingBlocks", "{A7329808-13B4-409E-847F-40C01D8FDBBC}"
EndProject
Project("{9A19103F-16F7-4668-BE54-9A1E7A4F7556}") = "EventBus.Messages", "BuildingBlocks\EventBus.Messages\EventBus.Messages.csproj", "{18692453-1DDA-4DD1-9632-5161CE347F4A}"
EndProject
Project("{2150E333-8FDC-42A3-9474-1A3956D46DE8}") = "ApiGateways", "ApiGateways", "{20C77B80-E255-4767-9F86-91D438DC2109}"
EndProject
Project("{FAE04EC0-301F-11D3-BF4B-00C04F79EFBC}") = "OcelotApiGateway", "ApiGateways\OcelotApiGateway\OcelotApiGateway.csproj", "{213C77DC-76F5-4BFD-99A8-9E9ECF88BB84}"
EndProject
Global
	GlobalSection(SolutionConfigurationPlatforms) = preSolution
		Debug|Any CPU = Debug|Any CPU
		Release|Any CPU = Release|Any CPU
	EndGlobalSection
	GlobalSection(ProjectConfigurationPlatforms) = postSolution
		{108BD0D9-BB44-4FA1-AB0D-C59E8A5B5B0F}.Debug|Any CPU.ActiveCfg = Debug|Any CPU
		{108BD0D9-BB44-4FA1-AB0D-C59E8A5B5B0F}.Debug|Any CPU.Build.0 = Debug|Any CPU
		{108BD0D9-BB44-4FA1-AB0D-C59E8A5B5B0F}.Release|Any CPU.ActiveCfg = Release|Any CPU
		{108BD0D9-BB44-4FA1-AB0D-C59E8A5B5B0F}.Release|Any CPU.Build.0 = Release|Any CPU
		{FCAFC972-DCA1-404D-BDAA-F3178822B8B8}.Debug|Any CPU.ActiveCfg = Debug|Any CPU
		{FCAFC972-DCA1-404D-BDAA-F3178822B8B8}.Debug|Any CPU.Build.0 = Debug|Any CPU
		{FCAFC972-DCA1-404D-BDAA-F3178822B8B8}.Release|Any CPU.ActiveCfg = Release|Any CPU
		{FCAFC972-DCA1-404D-BDAA-F3178822B8B8}.Release|Any CPU.Build.0 = Release|Any CPU
		{4C8686E0-0693-4CB1-B091-D2B33DEC090E}.Debug|Any CPU.ActiveCfg = Debug|Any CPU
		{4C8686E0-0693-4CB1-B091-D2B33DEC090E}.Debug|Any CPU.Build.0 = Debug|Any CPU
		{4C8686E0-0693-4CB1-B091-D2B33DEC090E}.Release|Any CPU.ActiveCfg = Release|Any CPU
		{4C8686E0-0693-4CB1-B091-D2B33DEC090E}.Release|Any CPU.Build.0 = Release|Any CPU
		{AE3EB1F7-61B7-436D-89CC-1DFC0A240845}.Debug|Any CPU.ActiveCfg = Debug|Any CPU
		{AE3EB1F7-61B7-436D-89CC-1DFC0A240845}.Debug|Any CPU.Build.0 = Debug|Any CPU
		{AE3EB1F7-61B7-436D-89CC-1DFC0A240845}.Release|Any CPU.ActiveCfg = Release|Any CPU
		{AE3EB1F7-61B7-436D-89CC-1DFC0A240845}.Release|Any CPU.Build.0 = Release|Any CPU
		{5AF9D3A3-97BA-43B1-88D4-DBCF82E8CF30}.Debug|Any CPU.ActiveCfg = Debug|Any CPU
		{5AF9D3A3-97BA-43B1-88D4-DBCF82E8CF30}.Debug|Any CPU.Build.0 = Debug|Any CPU
		{5AF9D3A3-97BA-43B1-88D4-DBCF82E8CF30}.Release|Any CPU.ActiveCfg = Release|Any CPU
		{5AF9D3A3-97BA-43B1-88D4-DBCF82E8CF30}.Release|Any CPU.Build.0 = Release|Any CPU
		{CAC65325-88FC-4943-98A8-176CFCCF176D}.Debug|Any CPU.ActiveCfg = Debug|Any CPU
		{CAC65325-88FC-4943-98A8-176CFCCF176D}.Debug|Any CPU.Build.0 = Debug|Any CPU
		{CAC65325-88FC-4943-98A8-176CFCCF176D}.Release|Any CPU.ActiveCfg = Release|Any CPU
		{CAC65325-88FC-4943-98A8-176CFCCF176D}.Release|Any CPU.Build.0 = Release|Any CPU
		{D222BDEE-E33F-4F71-A0AC-496B700252EB}.Debug|Any CPU.ActiveCfg = Debug|Any CPU
		{D222BDEE-E33F-4F71-A0AC-496B700252EB}.Debug|Any CPU.Build.0 = Debug|Any CPU
		{D222BDEE-E33F-4F71-A0AC-496B700252EB}.Release|Any CPU.ActiveCfg = Release|Any CPU
		{D222BDEE-E33F-4F71-A0AC-496B700252EB}.Release|Any CPU.Build.0 = Release|Any CPU
		{46AD2D04-2F71-46D5-858F-43FBDEFCE56C}.Debug|Any CPU.ActiveCfg = Debug|Any CPU
		{46AD2D04-2F71-46D5-858F-43FBDEFCE56C}.Debug|Any CPU.Build.0 = Debug|Any CPU
		{46AD2D04-2F71-46D5-858F-43FBDEFCE56C}.Release|Any CPU.ActiveCfg = Release|Any CPU
		{46AD2D04-2F71-46D5-858F-43FBDEFCE56C}.Release|Any CPU.Build.0 = Release|Any CPU
		{F42EBE0A-E9FC-449C-B7A1-5B2DADB101EC}.Debug|Any CPU.ActiveCfg = Debug|Any CPU
		{F42EBE0A-E9FC-449C-B7A1-5B2DADB101EC}.Debug|Any CPU.Build.0 = Debug|Any CPU
		{F42EBE0A-E9FC-449C-B7A1-5B2DADB101EC}.Release|Any CPU.ActiveCfg = Release|Any CPU
		{F42EBE0A-E9FC-449C-B7A1-5B2DADB101EC}.Release|Any CPU.Build.0 = Release|Any CPU
		{18692453-1DDA-4DD1-9632-5161CE347F4A}.Debug|Any CPU.ActiveCfg = Debug|Any CPU
		{18692453-1DDA-4DD1-9632-5161CE347F4A}.Debug|Any CPU.Build.0 = Debug|Any CPU
		{18692453-1DDA-4DD1-9632-5161CE347F4A}.Release|Any CPU.ActiveCfg = Release|Any CPU
		{18692453-1DDA-4DD1-9632-5161CE347F4A}.Release|Any CPU.Build.0 = Release|Any CPU
		{213C77DC-76F5-4BFD-99A8-9E9ECF88BB84}.Debug|Any CPU.ActiveCfg = Debug|Any CPU
		{213C77DC-76F5-4BFD-99A8-9E9ECF88BB84}.Debug|Any CPU.Build.0 = Debug|Any CPU
		{213C77DC-76F5-4BFD-99A8-9E9ECF88BB84}.Release|Any CPU.ActiveCfg = Release|Any CPU
		{213C77DC-76F5-4BFD-99A8-9E9ECF88BB84}.Release|Any CPU.Build.0 = Release|Any CPU
	EndGlobalSection
	GlobalSection(SolutionProperties) = preSolution
		HideSolutionNode = FALSE
	EndGlobalSection
	GlobalSection(NestedProjects) = preSolution
		{03987AE5-1C38-4BDE-99B5-F981EB4DB8D8} = {3AA4C0C9-EF2D-471F-81F3-7B5B55174085}
		{FEE13C3C-2C60-47EE-BBE1-C815F851CEEA} = {3AA4C0C9-EF2D-471F-81F3-7B5B55174085}
		{21D98F69-7782-4660-A2F4-F310A3D9F34A} = {3AA4C0C9-EF2D-471F-81F3-7B5B55174085}
		{341151AB-6B31-40CC-ACA9-1AB548B4D628} = {3AA4C0C9-EF2D-471F-81F3-7B5B55174085}
		{18692453-1DDA-4DD1-9632-5161CE347F4A} = {A7329808-13B4-409E-847F-40C01D8FDBBC}
		{213C77DC-76F5-4BFD-99A8-9E9ECF88BB84} = {20C77B80-E255-4767-9F86-91D438DC2109}
	EndGlobalSection
	GlobalSection(ExtensibilityGlobals) = postSolution
		SolutionGuid = {49160E52-A84C-48E1-A6F4-BDD12AB3F3A5}
	EndGlobalSection
EndGlobal
