
Microsoft Visual Studio Solution File, Format Version 12.00
# Visual Studio Version 16
VisualStudioVersion = 16.0.30114.105
MinimumVisualStudioVersion = 10.0.40219.1
Project("{2150E333-8FDC-42A3-9474-1A3956D46DE8}") = "Services", "Services", "{3AA4C0C9-EF2D-471F-81F3-7B5B55174085}"
EndProject
Project("{2150E333-8FDC-42A3-9474-1A3956D46DE8}") = "Catalog", "Catalog", "{03987AE5-1C38-4BDE-99B5-F981EB4DB8D8}"
EndProject
Project("{2150E333-8FDC-42A3-9474-1A3956D46DE8}") = "Basket", "Basket", "{FEE13C3C-2C60-47EE-BBE1-C815F851CEEA}"
EndProject
Project("{9A19103F-16F7-4668-BE54-9A1E7A4F7556}") = "Catalog.API", "Services\Catalog\Catalog.API\Catalog.API.csproj", "{108BD0D9-BB44-4FA1-AB0D-C59E8A5B5B0F}"
EndProject
Project("{E53339B2-1760-4266-BCC7-CA923CBCF16C}") = "docker-compose", "docker-compose.dcproj", "{FCAFC972-DCA1-404D-BDAA-F3178822B8B8}"
EndProject
Project("{FAE04EC0-301F-11D3-BF4B-00C04F79EFBC}") = "Basket.API", "Services\Basket\Basket.API\Basket.API.csproj", "{4C8686E0-0693-4CB1-B091-D2B33DEC090E}"
EndProject
Project("{2150E333-8FDC-42A3-9474-1A3956D46DE8}") = "Discount", "Discount", "{21D98F69-7782-4660-A2F4-F310A3D9F34A}"
EndProject
Project("{FAE04EC0-301F-11D3-BF4B-00C04F79EFBC}") = "Discount.API", "Services\Discount\Discount.API\Discount.API.csproj", "{AE3EB1F7-61B7-436D-89CC-1DFC0A240845}"
EndProject
Global
	GlobalSection(SolutionConfigurationPlatforms) = preSolution
		Debug|Any CPU = Debug|Any CPU
		Release|Any CPU = Release|Any CPU
	EndGlobalSection
	GlobalSection(ProjectConfigurationPlatforms) = postSolution
		{108BD0D9-BB44-4FA1-AB0D-C59E8A5B5B0F}.Debug|Any CPU.ActiveCfg = Debug|Any CPU
		{108BD0D9-BB44-4FA1-AB0D-C59E8A5B5B0F}.Debug|Any CPU.Build.0 = Debug|Any CPU
		{108BD0D9-BB44-4FA1-AB0D-C59E8A5B5B0F}.Release|Any CPU.ActiveCfg = Release|Any CPU
		{108BD0D9-BB44-4FA1-AB0D-C59E8A5B5B0F}.Release|Any CPU.Build.0 = Release|Any CPU
		{FCAFC972-DCA1-404D-BDAA-F3178822B8B8}.Debug|Any CPU.ActiveCfg = Debug|Any CPU
		{FCAFC972-DCA1-404D-BDAA-F3178822B8B8}.Debug|Any CPU.Build.0 = Debug|Any CPU
		{FCAFC972-DCA1-404D-BDAA-F3178822B8B8}.Release|Any CPU.ActiveCfg = Release|Any CPU
		{FCAFC972-DCA1-404D-BDAA-F3178822B8B8}.Release|Any CPU.Build.0 = Release|Any CPU
		{4C8686E0-0693-4CB1-B091-D2B33DEC090E}.Debug|Any CPU.ActiveCfg = Debug|Any CPU
		{4C8686E0-0693-4CB1-B091-D2B33DEC090E}.Debug|Any CPU.Build.0 = Debug|Any CPU
		{4C8686E0-0693-4CB1-B091-D2B33DEC090E}.Release|Any CPU.ActiveCfg = Release|Any CPU
		{4C8686E0-0693-4CB1-B091-D2B33DEC090E}.Release|Any CPU.Build.0 = Release|Any CPU
		{AE3EB1F7-61B7-436D-89CC-1DFC0A240845}.Debug|Any CPU.ActiveCfg = Debug|Any CPU
		{AE3EB1F7-61B7-436D-89CC-1DFC0A240845}.Debug|Any CPU.Build.0 = Debug|Any CPU
		{AE3EB1F7-61B7-436D-89CC-1DFC0A240845}.Release|Any CPU.ActiveCfg = Release|Any CPU
		{AE3EB1F7-61B7-436D-89CC-1DFC0A240845}.Release|Any CPU.Build.0 = Release|Any CPU
	EndGlobalSection
	GlobalSection(SolutionProperties) = preSolution
		HideSolutionNode = FALSE
	EndGlobalSection
	GlobalSection(NestedProjects) = preSolution
		{03987AE5-1C38-4BDE-99B5-F981EB4DB8D8} = {3AA4C0C9-EF2D-471F-81F3-7B5B55174085}
		{FEE13C3C-2C60-47EE-BBE1-C815F851CEEA} = {3AA4C0C9-EF2D-471F-81F3-7B5B55174085}
		{21D98F69-7782-4660-A2F4-F310A3D9F34A} = {3AA4C0C9-EF2D-471F-81F3-7B5B55174085}
	EndGlobalSection
	GlobalSection(ExtensibilityGlobals) = postSolution
		SolutionGuid = {49160E52-A84C-48E1-A6F4-BDD12AB3F3A5}
	EndGlobalSection
EndGlobal
